// !$*UTF8*$!
{
	archiveVersion = 1;
	classes = {
	};
	objectVersion = 46;
	objects = {

/* Begin PBXBuildFile section */
		993F7E4F1ECADB8300F3A962 /* main.m in Sources */ = {isa = PBXBuildFile; fileRef = 993F7E4E1ECADB8300F3A962 /* main.m */; };
		993F7E521ECADB8300F3A962 /* AppDelegate.m in Sources */ = {isa = PBXBuildFile; fileRef = 993F7E511ECADB8300F3A962 /* AppDelegate.m */; };
		993F7E581ECADB8300F3A962 /* Main.storyboard in Resources */ = {isa = PBXBuildFile; fileRef = 993F7E561ECADB8300F3A962 /* Main.storyboard */; };
		993F7E5A1ECADB8300F3A962 /* Assets.xcassets in Resources */ = {isa = PBXBuildFile; fileRef = 993F7E591ECADB8300F3A962 /* Assets.xcassets */; };
		993F7E5D1ECADB8300F3A962 /* LaunchScreen.storyboard in Resources */ = {isa = PBXBuildFile; fileRef = 993F7E5B1ECADB8300F3A962 /* LaunchScreen.storyboard */; };
		9949293A1ECAE736004E37B0 /* QYBarChart.m in Sources */ = {isa = PBXBuildFile; fileRef = 9949292F1ECAE736004E37B0 /* QYBarChart.m */; };
		9949293B1ECAE736004E37B0 /* QYBarChartData.m in Sources */ = {isa = PBXBuildFile; fileRef = 994929311ECAE736004E37B0 /* QYBarChartData.m */; };
		9949293C1ECAE736004E37B0 /* QYColor.m in Sources */ = {isa = PBXBuildFile; fileRef = 994929331ECAE736004E37B0 /* QYColor.m */; };
		9949293D1ECAE736004E37B0 /* QYCoordinateChart.m in Sources */ = {isa = PBXBuildFile; fileRef = 994929351ECAE736004E37B0 /* QYCoordinateChart.m */; };
		9949293E1ECAE736004E37B0 /* QYLineChart.m in Sources */ = {isa = PBXBuildFile; fileRef = 994929371ECAE736004E37B0 /* QYLineChart.m */; };
		9949293F1ECAE736004E37B0 /* QYLineChartData.m in Sources */ = {isa = PBXBuildFile; fileRef = 994929391ECAE736004E37B0 /* QYLineChartData.m */; };
		994929421ECAE7C3004E37B0 /* MainTableVC.m in Sources */ = {isa = PBXBuildFile; fileRef = 994929411ECAE7C3004E37B0 /* MainTableVC.m */; };
		994929451ECAE8B5004E37B0 /* QYLineChartDemoVC.m in Sources */ = {isa = PBXBuildFile; fileRef = 994929441ECAE8B5004E37B0 /* QYLineChartDemoVC.m */; };
		99D938571ECEE62B00EC33D8 /* QYBarChartDemoVC.m in Sources */ = {isa = PBXBuildFile; fileRef = 99D938561ECEE62B00EC33D8 /* QYBarChartDemoVC.m */; };
/* End PBXBuildFile section */

/* Begin PBXFileReference section */
		993F7E4A1ECADB8300F3A962 /* QYChart.app */ = {isa = PBXFileReference; explicitFileType = wrapper.application; includeInIndex = 0; path = QYChart.app; sourceTree = BUILT_PRODUCTS_DIR; };
		993F7E4E1ECADB8300F3A962 /* main.m */ = {isa = PBXFileReference; lastKnownFileType = sourcecode.c.objc; path = main.m; sourceTree = "<group>"; };
		993F7E501ECADB8300F3A962 /* AppDelegate.h */ = {isa = PBXFileReference; lastKnownFileType = sourcecode.c.h; path = AppDelegate.h; sourceTree = "<group>"; };
		993F7E511ECADB8300F3A962 /* AppDelegate.m */ = {isa = PBXFileReference; lastKnownFileType = sourcecode.c.objc; path = AppDelegate.m; sourceTree = "<group>"; };
		993F7E571ECADB8300F3A962 /* Base */ = {isa = PBXFileReference; lastKnownFileType = file.storyboard; name = Base; path = Base.lproj/Main.storyboard; sourceTree = "<group>"; };
		993F7E591ECADB8300F3A962 /* Assets.xcassets */ = {isa = PBXFileReference; lastKnownFileType = folder.assetcatalog; path = Assets.xcassets; sourceTree = "<group>"; };
		993F7E5C1ECADB8300F3A962 /* Base */ = {isa = PBXFileReference; lastKnownFileType = file.storyboard; name = Base; path = Base.lproj/LaunchScreen.storyboard; sourceTree = "<group>"; };
		993F7E5E1ECADB8300F3A962 /* Info.plist */ = {isa = PBXFileReference; lastKnownFileType = text.plist.xml; path = Info.plist; sourceTree = "<group>"; };
		9949292E1ECAE736004E37B0 /* QYBarChart.h */ = {isa = PBXFileReference; fileEncoding = 4; lastKnownFileType = sourcecode.c.h; path = QYBarChart.h; sourceTree = "<group>"; };
		9949292F1ECAE736004E37B0 /* QYBarChart.m */ = {isa = PBXFileReference; fileEncoding = 4; lastKnownFileType = sourcecode.c.objc; path = QYBarChart.m; sourceTree = "<group>"; };
		994929301ECAE736004E37B0 /* QYBarChartData.h */ = {isa = PBXFileReference; fileEncoding = 4; lastKnownFileType = sourcecode.c.h; path = QYBarChartData.h; sourceTree = "<group>"; };
		994929311ECAE736004E37B0 /* QYBarChartData.m */ = {isa = PBXFileReference; fileEncoding = 4; lastKnownFileType = sourcecode.c.objc; path = QYBarChartData.m; sourceTree = "<group>"; };
		994929321ECAE736004E37B0 /* QYColor.h */ = {isa = PBXFileReference; fileEncoding = 4; lastKnownFileType = sourcecode.c.h; path = QYColor.h; sourceTree = "<group>"; };
		994929331ECAE736004E37B0 /* QYColor.m */ = {isa = PBXFileReference; fileEncoding = 4; lastKnownFileType = sourcecode.c.objc; path = QYColor.m; sourceTree = "<group>"; };
		994929341ECAE736004E37B0 /* QYCoordinateChart.h */ = {isa = PBXFileReference; fileEncoding = 4; lastKnownFileType = sourcecode.c.h; path = QYCoordinateChart.h; sourceTree = "<group>"; };
		994929351ECAE736004E37B0 /* QYCoordinateChart.m */ = {isa = PBXFileReference; fileEncoding = 4; lastKnownFileType = sourcecode.c.objc; path = QYCoordinateChart.m; sourceTree = "<group>"; };
		994929361ECAE736004E37B0 /* QYLineChart.h */ = {isa = PBXFileReference; fileEncoding = 4; lastKnownFileType = sourcecode.c.h; path = QYLineChart.h; sourceTree = "<group>"; };
		994929371ECAE736004E37B0 /* QYLineChart.m */ = {isa = PBXFileReference; fileEncoding = 4; lastKnownFileType = sourcecode.c.objc; path = QYLineChart.m; sourceTree = "<group>"; };
		994929381ECAE736004E37B0 /* QYLineChartData.h */ = {isa = PBXFileReference; fileEncoding = 4; lastKnownFileType = sourcecode.c.h; path = QYLineChartData.h; sourceTree = "<group>"; };
		994929391ECAE736004E37B0 /* QYLineChartData.m */ = {isa = PBXFileReference; fileEncoding = 4; lastKnownFileType = sourcecode.c.objc; path = QYLineChartData.m; sourceTree = "<group>"; };
		994929401ECAE7C3004E37B0 /* MainTableVC.h */ = {isa = PBXFileReference; fileEncoding = 4; lastKnownFileType = sourcecode.c.h; path = MainTableVC.h; sourceTree = "<group>"; };
		994929411ECAE7C3004E37B0 /* MainTableVC.m */ = {isa = PBXFileReference; fileEncoding = 4; lastKnownFileType = sourcecode.c.objc; path = MainTableVC.m; sourceTree = "<group>"; };
		994929431ECAE8B5004E37B0 /* QYLineChartDemoVC.h */ = {isa = PBXFileReference; fileEncoding = 4; lastKnownFileType = sourcecode.c.h; path = QYLineChartDemoVC.h; sourceTree = "<group>"; };
		994929441ECAE8B5004E37B0 /* QYLineChartDemoVC.m */ = {isa = PBXFileReference; fileEncoding = 4; lastKnownFileType = sourcecode.c.objc; path = QYLineChartDemoVC.m; sourceTree = "<group>"; };
		994929471ECAE993004E37B0 /* QYChart.h */ = {isa = PBXFileReference; fileEncoding = 4; lastKnownFileType = sourcecode.c.h; path = QYChart.h; sourceTree = "<group>"; };
		99D938551ECEE62B00EC33D8 /* QYBarChartDemoVC.h */ = {isa = PBXFileReference; fileEncoding = 4; lastKnownFileType = sourcecode.c.h; path = QYBarChartDemoVC.h; sourceTree = "<group>"; };
		99D938561ECEE62B00EC33D8 /* QYBarChartDemoVC.m */ = {isa = PBXFileReference; fileEncoding = 4; lastKnownFileType = sourcecode.c.objc; path = QYBarChartDemoVC.m; sourceTree = "<group>"; };
/* End PBXFileReference section */

/* Begin PBXFrameworksBuildPhase section */
		993F7E471ECADB8300F3A962 /* Frameworks */ = {
			isa = PBXFrameworksBuildPhase;
			buildActionMask = 2147483647;
			files = (
			);
			runOnlyForDeploymentPostprocessing = 0;
		};
/* End PBXFrameworksBuildPhase section */

/* Begin PBXGroup section */
		993F7E411ECADB8300F3A962 = {
			isa = PBXGroup;
			children = (
				993F7E4C1ECADB8300F3A962 /* QYChart */,
				993F7E4B1ECADB8300F3A962 /* Products */,
			);
			sourceTree = "<group>";
		};
		993F7E4B1ECADB8300F3A962 /* Products */ = {
			isa = PBXGroup;
			children = (
				993F7E4A1ECADB8300F3A962 /* QYChart.app */,
			);
			name = Products;
			sourceTree = "<group>";
		};
		993F7E4C1ECADB8300F3A962 /* QYChart */ = {
			isa = PBXGroup;
			children = (
				9949292D1ECAE736004E37B0 /* QYChart */,
				993F7E501ECADB8300F3A962 /* AppDelegate.h */,
				993F7E511ECADB8300F3A962 /* AppDelegate.m */,
				994929401ECAE7C3004E37B0 /* MainTableVC.h */,
				994929411ECAE7C3004E37B0 /* MainTableVC.m */,
				994929431ECAE8B5004E37B0 /* QYLineChartDemoVC.h */,
				994929441ECAE8B5004E37B0 /* QYLineChartDemoVC.m */,
				99D938551ECEE62B00EC33D8 /* QYBarChartDemoVC.h */,
				99D938561ECEE62B00EC33D8 /* QYBarChartDemoVC.m */,
				993F7E561ECADB8300F3A962 /* Main.storyboard */,
				993F7E591ECADB8300F3A962 /* Assets.xcassets */,
				993F7E5B1ECADB8300F3A962 /* LaunchScreen.storyboard */,
				993F7E5E1ECADB8300F3A962 /* Info.plist */,
				993F7E4D1ECADB8300F3A962 /* Supporting Files */,
			);
			path = QYChart;
			sourceTree = "<group>";
		};
		993F7E4D1ECADB8300F3A962 /* Supporting Files */ = {
			isa = PBXGroup;
			children = (
				993F7E4E1ECADB8300F3A962 /* main.m */,
			);
			name = "Supporting Files";
			sourceTree = "<group>";
		};
		9949292D1ECAE736004E37B0 /* QYChart */ = {
			isa = PBXGroup;
			children = (
				9949292E1ECAE736004E37B0 /* QYBarChart.h */,
				9949292F1ECAE736004E37B0 /* QYBarChart.m */,
				994929301ECAE736004E37B0 /* QYBarChartData.h */,
				994929311ECAE736004E37B0 /* QYBarChartData.m */,
				994929361ECAE736004E37B0 /* QYLineChart.h */,
				994929371ECAE736004E37B0 /* QYLineChart.m */,
				994929381ECAE736004E37B0 /* QYLineChartData.h */,
				994929391ECAE736004E37B0 /* QYLineChartData.m */,
				994929341ECAE736004E37B0 /* QYCoordinateChart.h */,
				994929351ECAE736004E37B0 /* QYCoordinateChart.m */,
				994929321ECAE736004E37B0 /* QYColor.h */,
				994929331ECAE736004E37B0 /* QYColor.m */,
				994929471ECAE993004E37B0 /* QYChart.h */,
			);
			path = QYChart;
			sourceTree = "<group>";
		};
/* End PBXGroup section */

/* Begin PBXNativeTarget section */
		993F7E491ECADB8300F3A962 /* QYChart */ = {
			isa = PBXNativeTarget;
			buildConfigurationList = 993F7E611ECADB8300F3A962 /* Build configuration list for PBXNativeTarget "QYChart" */;
			buildPhases = (
				993F7E461ECADB8300F3A962 /* Sources */,
				993F7E471ECADB8300F3A962 /* Frameworks */,
				993F7E481ECADB8300F3A962 /* Resources */,
			);
			buildRules = (
			);
			dependencies = (
			);
			name = QYChart;
			productName = QYChart;
			productReference = 993F7E4A1ECADB8300F3A962 /* QYChart.app */;
			productType = "com.apple.product-type.application";
		};
/* End PBXNativeTarget section */

/* Begin PBXProject section */
		993F7E421ECADB8300F3A962 /* Project object */ = {
			isa = PBXProject;
			attributes = {
				LastUpgradeCheck = 0830;
				ORGANIZATIONNAME = "张庆玉";
				TargetAttributes = {
					993F7E491ECADB8300F3A962 = {
						CreatedOnToolsVersion = 8.3.2;
						DevelopmentTeam = 7PKFLABZWB;
						ProvisioningStyle = Automatic;
					};
				};
			};
			buildConfigurationList = 993F7E451ECADB8300F3A962 /* Build configuration list for PBXProject "QYChart" */;
			compatibilityVersion = "Xcode 3.2";
			developmentRegion = English;
			hasScannedForEncodings = 0;
			knownRegions = (
				en,
				Base,
			);
			mainGroup = 993F7E411ECADB8300F3A962;
			productRefGroup = 993F7E4B1ECADB8300F3A962 /* Products */;
			projectDirPath = "";
			projectRoot = "";
			targets = (
				993F7E491ECADB8300F3A962 /* QYChart */,
			);
		};
/* End PBXProject section */

/* Begin PBXResourcesBuildPhase section */
		993F7E481ECADB8300F3A962 /* Resources */ = {
			isa = PBXResourcesBuildPhase;
			buildActionMask = 2147483647;
			files = (
				993F7E5D1ECADB8300F3A962 /* LaunchScreen.storyboard in Resources */,
				993F7E5A1ECADB8300F3A962 /* Assets.xcassets in Resources */,
				993F7E581ECADB8300F3A962 /* Main.storyboard in Resources */,
			);
			runOnlyForDeploymentPostprocessing = 0;
		};
/* End PBXResourcesBuildPhase section */

/* Begin PBXSourcesBuildPhase section */
		993F7E461ECADB8300F3A962 /* Sources */ = {
			isa = PBXSourcesBuildPhase;
			buildActionMask = 2147483647;
			files = (
				9949293A1ECAE736004E37B0 /* QYBarChart.m in Sources */,
				9949293C1ECAE736004E37B0 /* QYColor.m in Sources */,
				994929451ECAE8B5004E37B0 /* QYLineChartDemoVC.m in Sources */,
				9949293D1ECAE736004E37B0 /* QYCoordinateChart.m in Sources */,
				9949293F1ECAE736004E37B0 /* QYLineChartData.m in Sources */,
				994929421ECAE7C3004E37B0 /* MainTableVC.m in Sources */,
				9949293E1ECAE736004E37B0 /* QYLineChart.m in Sources */,
				99D938571ECEE62B00EC33D8 /* QYBarChartDemoVC.m in Sources */,
				993F7E521ECADB8300F3A962 /* AppDelegate.m in Sources */,
				993F7E4F1ECADB8300F3A962 /* main.m in Sources */,
				9949293B1ECAE736004E37B0 /* QYBarChartData.m in Sources */,
			);
			runOnlyForDeploymentPostprocessing = 0;
		};
/* End PBXSourcesBuildPhase section */

/* Begin PBXVariantGroup section */
		993F7E561ECADB8300F3A962 /* Main.storyboard */ = {
			isa = PBXVariantGroup;
			children = (
				993F7E571ECADB8300F3A962 /* Base */,
			);
			name = Main.storyboard;
			sourceTree = "<group>";
		};
		993F7E5B1ECADB8300F3A962 /* LaunchScreen.storyboard */ = {
			isa = PBXVariantGroup;
			children = (
				993F7E5C1ECADB8300F3A962 /* Base */,
			);
			name = LaunchScreen.storyboard;
			sourceTree = "<group>";
		};
/* End PBXVariantGroup section */

/* Begin XCBuildConfiguration section */
		993F7E5F1ECADB8300F3A962 /* Debug */ = {
			isa = XCBuildConfiguration;
			buildSettings = {
				ALWAYS_SEARCH_USER_PATHS = NO;
				CLANG_ANALYZER_NONNULL = YES;
				CLANG_ANALYZER_NUMBER_OBJECT_CONVERSION = YES_AGGRESSIVE;
				CLANG_CXX_LANGUAGE_STANDARD = "gnu++0x";
				CLANG_CXX_LIBRARY = "libc++";
				CLANG_ENABLE_MODULES = YES;
				CLANG_ENABLE_OBJC_ARC = YES;
				CLANG_WARN_BOOL_CONVERSION = YES;
				CLANG_WARN_CONSTANT_CONVERSION = YES;
				CLANG_WARN_DIRECT_OBJC_ISA_USAGE = YES_ERROR;
				CLANG_WARN_DOCUMENTATION_COMMENTS = YES;
				CLANG_WARN_EMPTY_BODY = YES;
				CLANG_WARN_ENUM_CONVERSION = YES;
				CLANG_WARN_INFINITE_RECURSION = YES;
				CLANG_WARN_INT_CONVERSION = YES;
				CLANG_WARN_OBJC_ROOT_CLASS = YES_ERROR;
				CLANG_WARN_SUSPICIOUS_MOVE = YES;
				CLANG_WARN_UNREACHABLE_CODE = YES;
				CLANG_WARN__DUPLICATE_METHOD_MATCH = YES;
				"CODE_SIGN_IDENTITY[sdk=iphoneos*]" = "iPhone Developer";
				COPY_PHASE_STRIP = NO;
				DEBUG_INFORMATION_FORMAT = dwarf;
				ENABLE_STRICT_OBJC_MSGSEND = YES;
				ENABLE_TESTABILITY = YES;
				GCC_C_LANGUAGE_STANDARD = gnu99;
				GCC_DYNAMIC_NO_PIC = NO;
				GCC_NO_COMMON_BLOCKS = YES;
				GCC_OPTIMIZATION_LEVEL = 0;
				GCC_PREPROCESSOR_DEFINITIONS = (
					"DEBUG=1",
					"$(inherited)",
				);
				GCC_WARN_64_TO_32_BIT_CONVERSION = YES;
				GCC_WARN_ABOUT_RETURN_TYPE = YES_ERROR;
				GCC_WARN_UNDECLARED_SELECTOR = YES;
				GCC_WARN_UNINITIALIZED_AUTOS = YES_AGGRESSIVE;
				GCC_WARN_UNUSED_FUNCTION = YES;
				GCC_WARN_UNUSED_VARIABLE = YES;
				IPHONEOS_DEPLOYMENT_TARGET = 10.3;
				MTL_ENABLE_DEBUG_INFO = YES;
				ONLY_ACTIVE_ARCH = YES;
				SDKROOT = iphoneos;
			};
			name = Debug;
		};
		993F7E601ECADB8300F3A962 /* Release */ = {
			isa = XCBuildConfiguration;
			buildSettings = {
				ALWAYS_SEARCH_USER_PATHS = NO;
				CLANG_ANALYZER_NONNULL = YES;
				CLANG_ANALYZER_NUMBER_OBJECT_CONVERSION = YES_AGGRESSIVE;
				CLANG_CXX_LANGUAGE_STANDARD = "gnu++0x";
				CLANG_CXX_LIBRARY = "libc++";
				CLANG_ENABLE_MODULES = YES;
				CLANG_ENABLE_OBJC_ARC = YES;
				CLANG_WARN_BOOL_CONVERSION = YES;
				CLANG_WARN_CONSTANT_CONVERSION = YES;
				CLANG_WARN_DIRECT_OBJC_ISA_USAGE = YES_ERROR;
				CLANG_WARN_DOCUMENTATION_COMMENTS = YES;
				CLANG_WARN_EMPTY_BODY = YES;
				CLANG_WARN_ENUM_CONVERSION = YES;
				CLANG_WARN_INFINITE_RECURSION = YES;
				CLANG_WARN_INT_CONVERSION = YES;
				CLANG_WARN_OBJC_ROOT_CLASS = YES_ERROR;
				CLANG_WARN_SUSPICIOUS_MOVE = YES;
				CLANG_WARN_UNREACHABLE_CODE = YES;
				CLANG_WARN__DUPLICATE_METHOD_MATCH = YES;
				"CODE_SIGN_IDENTITY[sdk=iphoneos*]" = "iPhone Developer";
				COPY_PHASE_STRIP = NO;
				DEBUG_INFORMATION_FORMAT = "dwarf-with-dsym";
				ENABLE_NS_ASSERTIONS = NO;
				ENABLE_STRICT_OBJC_MSGSEND = YES;
				GCC_C_LANGUAGE_STANDARD = gnu99;
				GCC_NO_COMMON_BLOCKS = YES;
				GCC_WARN_64_TO_32_BIT_CONVERSION = YES;
				GCC_WARN_ABOUT_RETURN_TYPE = YES_ERROR;
				GCC_WARN_UNDECLARED_SELECTOR = YES;
				GCC_WARN_UNINITIALIZED_AUTOS = YES_AGGRESSIVE;
				GCC_WARN_UNUSED_FUNCTION = YES;
				GCC_WARN_UNUSED_VARIABLE = YES;
				IPHONEOS_DEPLOYMENT_TARGET = 10.3;
				MTL_ENABLE_DEBUG_INFO = NO;
				SDKROOT = iphoneos;
				VALIDATE_PRODUCT = YES;
			};
			name = Release;
		};
		993F7E621ECADB8300F3A962 /* Debug */ = {
			isa = XCBuildConfiguration;
			buildSettings = {
				ASSETCATALOG_COMPILER_APPICON_NAME = AppIcon;
				DEVELOPMENT_TEAM = 7PKFLABZWB;
				INFOPLIST_FILE = QYChart/Info.plist;
				LD_RUNPATH_SEARCH_PATHS = "$(inherited) @executable_path/Frameworks";
				PRODUCT_BUNDLE_IDENTIFIER = "com.busibuyu-163.QYChart";
				PRODUCT_NAME = "$(TARGET_NAME)";
			};
			name = Debug;
		};
		993F7E631ECADB8300F3A962 /* Release */ = {
			isa = XCBuildConfiguration;
			buildSettings = {
				ASSETCATALOG_COMPILER_APPICON_NAME = AppIcon;
				DEVELOPMENT_TEAM = 7PKFLABZWB;
				INFOPLIST_FILE = QYChart/Info.plist;
				LD_RUNPATH_SEARCH_PATHS = "$(inherited) @executable_path/Frameworks";
				PRODUCT_BUNDLE_IDENTIFIER = "com.busibuyu-163.QYChart";
				PRODUCT_NAME = "$(TARGET_NAME)";
			};
			name = Release;
		};
/* End XCBuildConfiguration section */

/* Begin XCConfigurationList section */
		993F7E451ECADB8300F3A962 /* Build configuration list for PBXProject "QYChart" */ = {
			isa = XCConfigurationList;
			buildConfigurations = (
				993F7E5F1ECADB8300F3A962 /* Debug */,
				993F7E601ECADB8300F3A962 /* Release */,
			);
			defaultConfigurationIsVisible = 0;
			defaultConfigurationName = Release;
		};
		993F7E611ECADB8300F3A962 /* Build configuration list for PBXNativeTarget "QYChart" */ = {
			isa = XCConfigurationList;
			buildConfigurations = (
				993F7E621ECADB8300F3A962 /* Debug */,
				993F7E631ECADB8300F3A962 /* Release */,
			);
			defaultConfigurationIsVisible = 0;
			defaultConfigurationName = Release;
		};
/* End XCConfigurationList section */
	};
	rootObject = 993F7E421ECADB8300F3A962 /* Project object */;
}
